// !$*UTF8*$!
{
	archiveVersion = 1;
	classes = {
	};
	objectVersion = 50;
	objects = {

/* Begin PBXBuildFile section */
		18EE90EB20968D5500106B56 /* AppDelegate.swift in Sources */ = {isa = PBXBuildFile; fileRef = 18EE90EA20968D5500106B56 /* AppDelegate.swift */; };
		18EE90ED20968D5500106B56 /* ViewController.swift in Sources */ = {isa = PBXBuildFile; fileRef = 18EE90EC20968D5500106B56 /* ViewController.swift */; };
		18EE90F020968D5500106B56 /* Main.storyboard in Resources */ = {isa = PBXBuildFile; fileRef = 18EE90EE20968D5500106B56 /* Main.storyboard */; };
		18EE90F320968D5500106B56 /* swift_socket.xcdatamodeld in Sources */ = {isa = PBXBuildFile; fileRef = 18EE90F120968D5500106B56 /* swift_socket.xcdatamodeld */; };
		18EE90F520968D5700106B56 /* Assets.xcassets in Resources */ = {isa = PBXBuildFile; fileRef = 18EE90F420968D5700106B56 /* Assets.xcassets */; };
		18EE90F820968D5700106B56 /* LaunchScreen.storyboard in Resources */ = {isa = PBXBuildFile; fileRef = 18EE90F620968D5700106B56 /* LaunchScreen.storyboard */; };
		18EE910320968D5800106B56 /* swift_socketTests.swift in Sources */ = {isa = PBXBuildFile; fileRef = 18EE910220968D5800106B56 /* swift_socketTests.swift */; };
		18EE910E20968D5800106B56 /* swift_socketUITests.swift in Sources */ = {isa = PBXBuildFile; fileRef = 18EE910D20968D5800106B56 /* swift_socketUITests.swift */; };
		18EE911C20968E1F00106B56 /* work.swift in Sources */ = {isa = PBXBuildFile; fileRef = 18EE911B20968E1F00106B56 /* work.swift */; };
		18EE911E20968E6E00106B56 /* SzkSocket.swift in Sources */ = {isa = PBXBuildFile; fileRef = 18EE911D20968E6E00106B56 /* SzkSocket.swift */; };
/* End PBXBuildFile section */

/* Begin PBXContainerItemProxy section */
		18EE90FF20968D5800106B56 /* PBXContainerItemProxy */ = {
			isa = PBXContainerItemProxy;
			containerPortal = 18EE90DF20968D5500106B56 /* Project object */;
			proxyType = 1;
			remoteGlobalIDString = 18EE90E620968D5500106B56;
			remoteInfo = "swift-socket";
		};
		18EE910A20968D5800106B56 /* PBXContainerItemProxy */ = {
			isa = PBXContainerItemProxy;
			containerPortal = 18EE90DF20968D5500106B56 /* Project object */;
			proxyType = 1;
			remoteGlobalIDString = 18EE90E620968D5500106B56;
			remoteInfo = "swift-socket";
		};
/* End PBXContainerItemProxy section */

/* Begin PBXFileReference section */
		18EE90E720968D5500106B56 /* swift-socket.app */ = {isa = PBXFileReference; explicitFileType = wrapper.application; includeInIndex = 0; path = "swift-socket.app"; sourceTree = BUILT_PRODUCTS_DIR; };
		18EE90EA20968D5500106B56 /* AppDelegate.swift */ = {isa = PBXFileReference; lastKnownFileType = sourcecode.swift; path = AppDelegate.swift; sourceTree = "<group>"; };
		18EE90EC20968D5500106B56 /* ViewController.swift */ = {isa = PBXFileReference; lastKnownFileType = sourcecode.swift; path = ViewController.swift; sourceTree = "<group>"; };
		18EE90EF20968D5500106B56 /* Base */ = {isa = PBXFileReference; lastKnownFileType = file.storyboard; name = Base; path = Base.lproj/Main.storyboard; sourceTree = "<group>"; };
		18EE90F220968D5500106B56 /* swift_socket.xcdatamodel */ = {isa = PBXFileReference; lastKnownFileType = wrapper.xcdatamodel; path = swift_socket.xcdatamodel; sourceTree = "<group>"; };
		18EE90F420968D5700106B56 /* Assets.xcassets */ = {isa = PBXFileReference; lastKnownFileType = folder.assetcatalog; path = Assets.xcassets; sourceTree = "<group>"; };
		18EE90F720968D5700106B56 /* Base */ = {isa = PBXFileReference; lastKnownFileType = file.storyboard; name = Base; path = Base.lproj/LaunchScreen.storyboard; sourceTree = "<group>"; };
		18EE90F920968D5700106B56 /* Info.plist */ = {isa = PBXFileReference; lastKnownFileType = text.plist.xml; path = Info.plist; sourceTree = "<group>"; };
		18EE90FE20968D5800106B56 /* swift-socketTests.xctest */ = {isa = PBXFileReference; explicitFileType = wrapper.cfbundle; includeInIndex = 0; path = "swift-socketTests.xctest"; sourceTree = BUILT_PRODUCTS_DIR; };
		18EE910220968D5800106B56 /* swift_socketTests.swift */ = {isa = PBXFileReference; lastKnownFileType = sourcecode.swift; path = swift_socketTests.swift; sourceTree = "<group>"; };
		18EE910420968D5800106B56 /* Info.plist */ = {isa = PBXFileReference; lastKnownFileType = text.plist.xml; path = Info.plist; sourceTree = "<group>"; };
		18EE910920968D5800106B56 /* swift-socketUITests.xctest */ = {isa = PBXFileReference; explicitFileType = wrapper.cfbundle; includeInIndex = 0; path = "swift-socketUITests.xctest"; sourceTree = BUILT_PRODUCTS_DIR; };
		18EE910D20968D5800106B56 /* swift_socketUITests.swift */ = {isa = PBXFileReference; lastKnownFileType = sourcecode.swift; path = swift_socketUITests.swift; sourceTree = "<group>"; };
		18EE910F20968D5800106B56 /* Info.plist */ = {isa = PBXFileReference; lastKnownFileType = text.plist.xml; path = Info.plist; sourceTree = "<group>"; };
		18EE911B20968E1F00106B56 /* work.swift */ = {isa = PBXFileReference; lastKnownFileType = sourcecode.swift; path = work.swift; sourceTree = "<group>"; };
		18EE911D20968E6E00106B56 /* SzkSocket.swift */ = {isa = PBXFileReference; fileEncoding = 4; lastKnownFileType = sourcecode.swift; path = SzkSocket.swift; sourceTree = "<group>"; };
/* End PBXFileReference section */

/* Begin PBXFrameworksBuildPhase section */
		18EE90E420968D5500106B56 /* Frameworks */ = {
			isa = PBXFrameworksBuildPhase;
			buildActionMask = 2147483647;
			files = (
			);
			runOnlyForDeploymentPostprocessing = 0;
		};
		18EE90FB20968D5800106B56 /* Frameworks */ = {
			isa = PBXFrameworksBuildPhase;
			buildActionMask = 2147483647;
			files = (
			);
			runOnlyForDeploymentPostprocessing = 0;
		};
		18EE910620968D5800106B56 /* Frameworks */ = {
			isa = PBXFrameworksBuildPhase;
			buildActionMask = 2147483647;
			files = (
			);
			runOnlyForDeploymentPostprocessing = 0;
		};
/* End PBXFrameworksBuildPhase section */

/* Begin PBXGroup section */
		18EE90DE20968D5500106B56 = {
			isa = PBXGroup;
			children = (
				18EE90E920968D5500106B56 /* swift-socket */,
				18EE910120968D5800106B56 /* swift-socketTests */,
				18EE910C20968D5800106B56 /* swift-socketUITests */,
				18EE90E820968D5500106B56 /* Products */,
			);
			sourceTree = "<group>";
		};
		18EE90E820968D5500106B56 /* Products */ = {
			isa = PBXGroup;
			children = (
				18EE90E720968D5500106B56 /* swift-socket.app */,
				18EE90FE20968D5800106B56 /* swift-socketTests.xctest */,
				18EE910920968D5800106B56 /* swift-socketUITests.xctest */,
			);
			name = Products;
			sourceTree = "<group>";
		};
		18EE90E920968D5500106B56 /* swift-socket */ = {
			isa = PBXGroup;
			children = (
				18EE90EA20968D5500106B56 /* AppDelegate.swift */,
				18EE90EC20968D5500106B56 /* ViewController.swift */,
				18EE911B20968E1F00106B56 /* work.swift */,
				18EE911D20968E6E00106B56 /* SzkSocket.swift */,
				18EE90EE20968D5500106B56 /* Main.storyboard */,
				18EE90F420968D5700106B56 /* Assets.xcassets */,
				18EE90F620968D5700106B56 /* LaunchScreen.storyboard */,
				18EE90F920968D5700106B56 /* Info.plist */,
				18EE90F120968D5500106B56 /* swift_socket.xcdatamodeld */,
			);
			path = "swift-socket";
			sourceTree = "<group>";
		};
		18EE910120968D5800106B56 /* swift-socketTests */ = {
			isa = PBXGroup;
			children = (
				18EE910220968D5800106B56 /* swift_socketTests.swift */,
				18EE910420968D5800106B56 /* Info.plist */,
			);
			path = "swift-socketTests";
			sourceTree = "<group>";
		};
		18EE910C20968D5800106B56 /* swift-socketUITests */ = {
			isa = PBXGroup;
			children = (
				18EE910D20968D5800106B56 /* swift_socketUITests.swift */,
				18EE910F20968D5800106B56 /* Info.plist */,
			);
			path = "swift-socketUITests";
			sourceTree = "<group>";
		};
/* End PBXGroup section */

/* Begin PBXNativeTarget section */
		18EE90E620968D5500106B56 /* swift-socket */ = {
			isa = PBXNativeTarget;
			buildConfigurationList = 18EE911220968D5800106B56 /* Build configuration list for PBXNativeTarget "swift-socket" */;
			buildPhases = (
				18EE90E320968D5500106B56 /* Sources */,
				18EE90E420968D5500106B56 /* Frameworks */,
				18EE90E520968D5500106B56 /* Resources */,
			);
			buildRules = (
			);
			dependencies = (
			);
			name = "swift-socket";
			productName = "swift-socket";
			productReference = 18EE90E720968D5500106B56 /* swift-socket.app */;
			productType = "com.apple.product-type.application";
		};
		18EE90FD20968D5800106B56 /* swift-socketTests */ = {
			isa = PBXNativeTarget;
			buildConfigurationList = 18EE911520968D5800106B56 /* Build configuration list for PBXNativeTarget "swift-socketTests" */;
			buildPhases = (
				18EE90FA20968D5800106B56 /* Sources */,
				18EE90FB20968D5800106B56 /* Frameworks */,
				18EE90FC20968D5800106B56 /* Resources */,
			);
			buildRules = (
			);
			dependencies = (
				18EE910020968D5800106B56 /* PBXTargetDependency */,
			);
			name = "swift-socketTests";
			productName = "swift-socketTests";
			productReference = 18EE90FE20968D5800106B56 /* swift-socketTests.xctest */;
			productType = "com.apple.product-type.bundle.unit-test";
		};
		18EE910820968D5800106B56 /* swift-socketUITests */ = {
			isa = PBXNativeTarget;
			buildConfigurationList = 18EE911820968D5800106B56 /* Build configuration list for PBXNativeTarget "swift-socketUITests" */;
			buildPhases = (
				18EE910520968D5800106B56 /* Sources */,
				18EE910620968D5800106B56 /* Frameworks */,
				18EE910720968D5800106B56 /* Resources */,
			);
			buildRules = (
			);
			dependencies = (
				18EE910B20968D5800106B56 /* PBXTargetDependency */,
			);
			name = "swift-socketUITests";
			productName = "swift-socketUITests";
			productReference = 18EE910920968D5800106B56 /* swift-socketUITests.xctest */;
			productType = "com.apple.product-type.bundle.ui-testing";
		};
/* End PBXNativeTarget section */

/* Begin PBXProject section */
		18EE90DF20968D5500106B56 /* Project object */ = {
			isa = PBXProject;
			attributes = {
				LastSwiftUpdateCheck = 0930;
				LastUpgradeCheck = 0930;
				ORGANIZATIONNAME = pom0o;
				TargetAttributes = {
					18EE90E620968D5500106B56 = {
						CreatedOnToolsVersion = 9.3;
					};
					18EE90FD20968D5800106B56 = {
						CreatedOnToolsVersion = 9.3;
						TestTargetID = 18EE90E620968D5500106B56;
					};
					18EE910820968D5800106B56 = {
						CreatedOnToolsVersion = 9.3;
						TestTargetID = 18EE90E620968D5500106B56;
					};
				};
			};
			buildConfigurationList = 18EE90E220968D5500106B56 /* Build configuration list for PBXProject "swift-socket" */;
			compatibilityVersion = "Xcode 9.3";
			developmentRegion = en;
			hasScannedForEncodings = 0;
			knownRegions = (
				en,
				Base,
			);
			mainGroup = 18EE90DE20968D5500106B56;
			productRefGroup = 18EE90E820968D5500106B56 /* Products */;
			projectDirPath = "";
			projectRoot = "";
			targets = (
				18EE90E620968D5500106B56 /* swift-socket */,
				18EE90FD20968D5800106B56 /* swift-socketTests */,
				18EE910820968D5800106B56 /* swift-socketUITests */,
			);
		};
/* End PBXProject section */

/* Begin PBXResourcesBuildPhase section */
		18EE90E520968D5500106B56 /* Resources */ = {
			isa = PBXResourcesBuildPhase;
			buildActionMask = 2147483647;
			files = (
				18EE90F820968D5700106B56 /* LaunchScreen.storyboard in Resources */,
				18EE90F520968D5700106B56 /* Assets.xcassets in Resources */,
				18EE90F020968D5500106B56 /* Main.storyboard in Resources */,
			);
			runOnlyForDeploymentPostprocessing = 0;
		};
		18EE90FC20968D5800106B56 /* Resources */ = {
			isa = PBXResourcesBuildPhase;
			buildActionMask = 2147483647;
			files = (
			);
			runOnlyForDeploymentPostprocessing = 0;
		};
		18EE910720968D5800106B56 /* Resources */ = {
			isa = PBXResourcesBuildPhase;
			buildActionMask = 2147483647;
			files = (
			);
			runOnlyForDeploymentPostprocessing = 0;
		};
/* End PBXResourcesBuildPhase section */

/* Begin PBXSourcesBuildPhase section */
		18EE90E320968D5500106B56 /* Sources */ = {
			isa = PBXSourcesBuildPhase;
			buildActionMask = 2147483647;
			files = (
				18EE911C20968E1F00106B56 /* work.swift in Sources */,
				18EE90ED20968D5500106B56 /* ViewController.swift in Sources */,
				18EE90EB20968D5500106B56 /* AppDelegate.swift in Sources */,
				18EE911E20968E6E00106B56 /* SzkSocket.swift in Sources */,
				18EE90F320968D5500106B56 /* swift_socket.xcdatamodeld in Sources */,
			);
			runOnlyForDeploymentPostprocessing = 0;
		};
		18EE90FA20968D5800106B56 /* Sources */ = {
			isa = PBXSourcesBuildPhase;
			buildActionMask = 2147483647;
			files = (
				18EE910320968D5800106B56 /* swift_socketTests.swift in Sources */,
			);
			runOnlyForDeploymentPostprocessing = 0;
		};
		18EE910520968D5800106B56 /* Sources */ = {
			isa = PBXSourcesBuildPhase;
			buildActionMask = 2147483647;
			files = (
				18EE910E20968D5800106B56 /* swift_socketUITests.swift in Sources */,
			);
			runOnlyForDeploymentPostprocessing = 0;
		};
/* End PBXSourcesBuildPhase section */

/* Begin PBXTargetDependency section */
		18EE910020968D5800106B56 /* PBXTargetDependency */ = {
			isa = PBXTargetDependency;
			target = 18EE90E620968D5500106B56 /* swift-socket */;
			targetProxy = 18EE90FF20968D5800106B56 /* PBXContainerItemProxy */;
		};
		18EE910B20968D5800106B56 /* PBXTargetDependency */ = {
			isa = PBXTargetDependency;
			target = 18EE90E620968D5500106B56 /* swift-socket */;
			targetProxy = 18EE910A20968D5800106B56 /* PBXContainerItemProxy */;
		};
/* End PBXTargetDependency section */

/* Begin PBXVariantGroup section */
		18EE90EE20968D5500106B56 /* Main.storyboard */ = {
			isa = PBXVariantGroup;
			children = (
				18EE90EF20968D5500106B56 /* Base */,
			);
			name = Main.storyboard;
			sourceTree = "<group>";
		};
		18EE90F620968D5700106B56 /* LaunchScreen.storyboard */ = {
			isa = PBXVariantGroup;
			children = (
				18EE90F720968D5700106B56 /* Base */,
			);
			name = LaunchScreen.storyboard;
			sourceTree = "<group>";
		};
/* End PBXVariantGroup section */

/* Begin XCBuildConfiguration section */
		18EE911020968D5800106B56 /* Debug */ = {
			isa = XCBuildConfiguration;
			buildSettings = {
				ALWAYS_SEARCH_USER_PATHS = NO;
				CLANG_ANALYZER_NONNULL = YES;
				CLANG_ANALYZER_NUMBER_OBJECT_CONVERSION = YES_AGGRESSIVE;
				CLANG_CXX_LANGUAGE_STANDARD = "gnu++14";
				CLANG_CXX_LIBRARY = "libc++";
				CLANG_ENABLE_MODULES = YES;
				CLANG_ENABLE_OBJC_ARC = YES;
				CLANG_ENABLE_OBJC_WEAK = YES;
				CLANG_WARN_BLOCK_CAPTURE_AUTORELEASING = YES;
				CLANG_WARN_BOOL_CONVERSION = YES;
				CLANG_WARN_COMMA = YES;
				CLANG_WARN_CONSTANT_CONVERSION = YES;
				CLANG_WARN_DEPRECATED_OBJC_IMPLEMENTATIONS = YES;
				CLANG_WARN_DIRECT_OBJC_ISA_USAGE = YES_ERROR;
				CLANG_WARN_DOCUMENTATION_COMMENTS = YES;
				CLANG_WARN_EMPTY_BODY = YES;
				CLANG_WARN_ENUM_CONVERSION = YES;
				CLANG_WARN_INFINITE_RECURSION = YES;
				CLANG_WARN_INT_CONVERSION = YES;
				CLANG_WARN_NON_LITERAL_NULL_CONVERSION = YES;
				CLANG_WARN_OBJC_IMPLICIT_RETAIN_SELF = YES;
				CLANG_WARN_OBJC_LITERAL_CONVERSION = YES;
				CLANG_WARN_OBJC_ROOT_CLASS = YES_ERROR;
				CLANG_WARN_RANGE_LOOP_ANALYSIS = YES;
				CLANG_WARN_STRICT_PROTOTYPES = YES;
				CLANG_WARN_SUSPICIOUS_MOVE = YES;
				CLANG_WARN_UNGUARDED_AVAILABILITY = YES_AGGRESSIVE;
				CLANG_WARN_UNREACHABLE_CODE = YES;
				CLANG_WARN__DUPLICATE_METHOD_MATCH = YES;
				CODE_SIGN_IDENTITY = "iPhone Developer";
				COPY_PHASE_STRIP = NO;
				DEBUG_INFORMATION_FORMAT = dwarf;
				ENABLE_STRICT_OBJC_MSGSEND = YES;
				ENABLE_TESTABILITY = YES;
				GCC_C_LANGUAGE_STANDARD = gnu11;
				GCC_DYNAMIC_NO_PIC = NO;
				GCC_NO_COMMON_BLOCKS = YES;
				GCC_OPTIMIZATION_LEVEL = 0;
				GCC_PREPROCESSOR_DEFINITIONS = (
					"DEBUG=1",
					"$(inherited)",
				);
				GCC_WARN_64_TO_32_BIT_CONVERSION = YES;
				GCC_WARN_ABOUT_RETURN_TYPE = YES_ERROR;
				GCC_WARN_UNDECLARED_SELECTOR = YES;
				GCC_WARN_UNINITIALIZED_AUTOS = YES_AGGRESSIVE;
				GCC_WARN_UNUSED_FUNCTION = YES;
				GCC_WARN_UNUSED_VARIABLE = YES;
				IPHONEOS_DEPLOYMENT_TARGET = 11.3;
				MTL_ENABLE_DEBUG_INFO = YES;
				ONLY_ACTIVE_ARCH = YES;
				SDKROOT = iphoneos;
				SWIFT_ACTIVE_COMPILATION_CONDITIONS = DEBUG;
				SWIFT_OPTIMIZATION_LEVEL = "-Onone";
			};
			name = Debug;
		};
		18EE911120968D5800106B56 /* Release */ = {
			isa = XCBuildConfiguration;
			buildSettings = {
				ALWAYS_SEARCH_USER_PATHS = NO;
				CLANG_ANALYZER_NONNULL = YES;
				CLANG_ANALYZER_NUMBER_OBJECT_CONVERSION = YES_AGGRESSIVE;
				CLANG_CXX_LANGUAGE_STANDARD = "gnu++14";
				CLANG_CXX_LIBRARY = "libc++";
				CLANG_ENABLE_MODULES = YES;
				CLANG_ENABLE_OBJC_ARC = YES;
				CLANG_ENABLE_OBJC_WEAK = YES;
				CLANG_WARN_BLOCK_CAPTURE_AUTORELEASING = YES;
				CLANG_WARN_BOOL_CONVERSION = YES;
				CLANG_WARN_COMMA = YES;
				CLANG_WARN_CONSTANT_CONVERSION = YES;
				CLANG_WARN_DEPRECATED_OBJC_IMPLEMENTATIONS = YES;
				CLANG_WARN_DIRECT_OBJC_ISA_USAGE = YES_ERROR;
				CLANG_WARN_DOCUMENTATION_COMMENTS = YES;
				CLANG_WARN_EMPTY_BODY = YES;
				CLANG_WARN_ENUM_CONVERSION = YES;
				CLANG_WARN_INFINITE_RECURSION = YES;
				CLANG_WARN_INT_CONVERSION = YES;
				CLANG_WARN_NON_LITERAL_NULL_CONVERSION = YES;
				CLANG_WARN_OBJC_IMPLICIT_RETAIN_SELF = YES;
				CLANG_WARN_OBJC_LITERAL_CONVERSION = YES;
				CLANG_WARN_OBJC_ROOT_CLASS = YES_ERROR;
				CLANG_WARN_RANGE_LOOP_ANALYSIS = YES;
				CLANG_WARN_STRICT_PROTOTYPES = YES;
				CLANG_WARN_SUSPICIOUS_MOVE = YES;
				CLANG_WARN_UNGUARDED_AVAILABILITY = YES_AGGRESSIVE;
				CLANG_WARN_UNREACHABLE_CODE = YES;
				CLANG_WARN__DUPLICATE_METHOD_MATCH = YES;
				CODE_SIGN_IDENTITY = "iPhone Developer";
				COPY_PHASE_STRIP = NO;
				DEBUG_INFORMATION_FORMAT = "dwarf-with-dsym";
				ENABLE_NS_ASSERTIONS = NO;
				ENABLE_STRICT_OBJC_MSGSEND = YES;
				GCC_C_LANGUAGE_STANDARD = gnu11;
				GCC_NO_COMMON_BLOCKS = YES;
				GCC_WARN_64_TO_32_BIT_CONVERSION = YES;
				GCC_WARN_ABOUT_RETURN_TYPE = YES_ERROR;
				GCC_WARN_UNDECLARED_SELECTOR = YES;
				GCC_WARN_UNINITIALIZED_AUTOS = YES_AGGRESSIVE;
				GCC_WARN_UNUSED_FUNCTION = YES;
				GCC_WARN_UNUSED_VARIABLE = YES;
				IPHONEOS_DEPLOYMENT_TARGET = 11.3;
				MTL_ENABLE_DEBUG_INFO = NO;
				SDKROOT = iphoneos;
				SWIFT_COMPILATION_MODE = wholemodule;
				SWIFT_OPTIMIZATION_LEVEL = "-O";
				VALIDATE_PRODUCT = YES;
			};
			name = Release;
		};
		18EE911320968D5800106B56 /* Debug */ = {
			isa = XCBuildConfiguration;
			buildSettings = {
				ASSETCATALOG_COMPILER_APPICON_NAME = AppIcon;
				CODE_SIGN_STYLE = Automatic;
				DEVELOPMENT_TEAM = 4K46T3R8L4;
				INFOPLIST_FILE = "swift-socket/Info.plist";
				LD_RUNPATH_SEARCH_PATHS = (
					"$(inherited)",
					"@executable_path/Frameworks",
				);
				PRODUCT_BUNDLE_IDENTIFIER = "pom0o.swift-socket";
				PRODUCT_NAME = "$(TARGET_NAME)";
				SWIFT_VERSION = 4.0;
				TARGETED_DEVICE_FAMILY = "1,2";
			};
			name = Debug;
		};
		18EE911420968D5800106B56 /* Release */ = {
			isa = XCBuildConfiguration;
			buildSettings = {
				ASSETCATALOG_COMPILER_APPICON_NAME = AppIcon;
				CODE_SIGN_STYLE = Automatic;
				DEVELOPMENT_TEAM = 4K46T3R8L4;
				INFOPLIST_FILE = "swift-socket/Info.plist";
				LD_RUNPATH_SEARCH_PATHS = (
					"$(inherited)",
					"@executable_path/Frameworks",
				);
				PRODUCT_BUNDLE_IDENTIFIER = "pom0o.swift-socket";
				PRODUCT_NAME = "$(TARGET_NAME)";
				SWIFT_VERSION = 4.0;
				TARGETED_DEVICE_FAMILY = "1,2";
			};
			name = Release;
		};
		18EE911620968D5800106B56 /* Debug */ = {
			isa = XCBuildConfiguration;
			buildSettings = {
				ALWAYS_EMBED_SWIFT_STANDARD_LIBRARIES = YES;
				BUNDLE_LOADER = "$(TEST_HOST)";
				CODE_SIGN_STYLE = Automatic;
				DEVELOPMENT_TEAM = 4K46T3R8L4;
				INFOPLIST_FILE = "swift-socketTests/Info.plist";
				LD_RUNPATH_SEARCH_PATHS = (
					"$(inherited)",
					"@executable_path/Frameworks",
					"@loader_path/Frameworks",
				);
				PRODUCT_BUNDLE_IDENTIFIER = "pom0o.swift-socketTests";
				PRODUCT_NAME = "$(TARGET_NAME)";
				SWIFT_VERSION = 4.0;
				TARGETED_DEVICE_FAMILY = "1,2";
				TEST_HOST = "$(BUILT_PRODUCTS_DIR)/swift-socket.app/swift-socket";
			};
			name = Debug;
		};
		18EE911720968D5800106B56 /* Release */ = {
			isa = XCBuildConfiguration;
			buildSettings = {
				ALWAYS_EMBED_SWIFT_STANDARD_LIBRARIES = YES;
				BUNDLE_LOADER = "$(TEST_HOST)";
				CODE_SIGN_STYLE = Automatic;
				DEVELOPMENT_TEAM = 4K46T3R8L4;
				INFOPLIST_FILE = "swift-socketTests/Info.plist";
				LD_RUNPATH_SEARCH_PATHS = (
					"$(inherited)",
					"@executable_path/Frameworks",
					"@loader_path/Frameworks",
				);
				PRODUCT_BUNDLE_IDENTIFIER = "pom0o.swift-socketTests";
				PRODUCT_NAME = "$(TARGET_NAME)";
				SWIFT_VERSION = 4.0;
				TARGETED_DEVICE_FAMILY = "1,2";
				TEST_HOST = "$(BUILT_PRODUCTS_DIR)/swift-socket.app/swift-socket";
			};
			name = Release;
		};
		18EE911920968D5800106B56 /* Debug */ = {
			isa = XCBuildConfiguration;
			buildSettings = {
				ALWAYS_EMBED_SWIFT_STANDARD_LIBRARIES = YES;
				CODE_SIGN_STYLE = Automatic;
				DEVELOPMENT_TEAM = 4K46T3R8L4;
				INFOPLIST_FILE = "swift-socketUITests/Info.plist";
				LD_RUNPATH_SEARCH_PATHS = (
					"$(inherited)",
					"@executable_path/Frameworks",
					"@loader_path/Frameworks",
				);
				PRODUCT_BUNDLE_IDENTIFIER = "pom0o.swift-socketUITests";
				PRODUCT_NAME = "$(TARGET_NAME)";
				SWIFT_VERSION = 4.0;
				TARGETED_DEVICE_FAMILY = "1,2";
				TEST_TARGET_NAME = "swift-socket";
			};
			name = Debug;
		};
		18EE911A20968D5800106B56 /* Release */ = {
			isa = XCBuildConfiguration;
			buildSettings = {
				ALWAYS_EMBED_SWIFT_STANDARD_LIBRARIES = YES;
				CODE_SIGN_STYLE = Automatic;
				DEVELOPMENT_TEAM = 4K46T3R8L4;
				INFOPLIST_FILE = "swift-socketUITests/Info.plist";
				LD_RUNPATH_SEARCH_PATHS = (
					"$(inherited)",
					"@executable_path/Frameworks",
					"@loader_path/Frameworks",
				);
				PRODUCT_BUNDLE_IDENTIFIER = "pom0o.swift-socketUITests";
				PRODUCT_NAME = "$(TARGET_NAME)";
				SWIFT_VERSION = 4.0;
				TARGETED_DEVICE_FAMILY = "1,2";
				TEST_TARGET_NAME = "swift-socket";
			};
			name = Release;
		};
/* End XCBuildConfiguration section */

/* Begin XCConfigurationList section */
		18EE90E220968D5500106B56 /* Build configuration list for PBXProject "swift-socket" */ = {
			isa = XCConfigurationList;
			buildConfigurations = (
				18EE911020968D5800106B56 /* Debug */,
				18EE911120968D5800106B56 /* Release */,
			);
			defaultConfigurationIsVisible = 0;
			defaultConfigurationName = Release;
		};
		18EE911220968D5800106B56 /* Build configuration list for PBXNativeTarget "swift-socket" */ = {
			isa = XCConfigurationList;
			buildConfigurations = (
				18EE911320968D5800106B56 /* Debug */,
				18EE911420968D5800106B56 /* Release */,
			);
			defaultConfigurationIsVisible = 0;
			defaultConfigurationName = Release;
		};
		18EE911520968D5800106B56 /* Build configuration list for PBXNativeTarget "swift-socketTests" */ = {
			isa = XCConfigurationList;
			buildConfigurations = (
				18EE911620968D5800106B56 /* Debug */,
				18EE911720968D5800106B56 /* Release */,
			);
			defaultConfigurationIsVisible = 0;
			defaultConfigurationName = Release;
		};
		18EE911820968D5800106B56 /* Build configuration list for PBXNativeTarget "swift-socketUITests" */ = {
			isa = XCConfigurationList;
			buildConfigurations = (
				18EE911920968D5800106B56 /* Debug */,
				18EE911A20968D5800106B56 /* Release */,
			);
			defaultConfigurationIsVisible = 0;
			defaultConfigurationName = Release;
		};
/* End XCConfigurationList section */

/* Begin XCVersionGroup section */
		18EE90F120968D5500106B56 /* swift_socket.xcdatamodeld */ = {
			isa = XCVersionGroup;
			children = (
				18EE90F220968D5500106B56 /* swift_socket.xcdatamodel */,
			);
			currentVersion = 18EE90F220968D5500106B56 /* swift_socket.xcdatamodel */;
			path = swift_socket.xcdatamodeld;
			sourceTree = "<group>";
			versionGroupType = wrapper.xcdatamodel;
		};
/* End XCVersionGroup section */
	};
	rootObject = 18EE90DF20968D5500106B56 /* Project object */;
}
